// !$*UTF8*$!
{
	archiveVersion = 1;
	classes = {
	};
	objectVersion = 46;
	objects = {

/* Begin PBXBuildFile section */
		495FB8C41C387592005E620B /* AppDelegate.swift in Sources */ = {isa = PBXBuildFile; fileRef = 495FB8C31C387592005E620B /* AppDelegate.swift */; };
		495FB8C61C387592005E620B /* ViewController.swift in Sources */ = {isa = PBXBuildFile; fileRef = 495FB8C51C387592005E620B /* ViewController.swift */; };
		495FB8C91C387592005E620B /* Main.storyboard in Resources */ = {isa = PBXBuildFile; fileRef = 495FB8C71C387592005E620B /* Main.storyboard */; };
		495FB8CB1C387592005E620B /* Assets.xcassets in Resources */ = {isa = PBXBuildFile; fileRef = 495FB8CA1C387592005E620B /* Assets.xcassets */; };
		495FB8CE1C387592005E620B /* LaunchScreen.storyboard in Resources */ = {isa = PBXBuildFile; fileRef = 495FB8CC1C387592005E620B /* LaunchScreen.storyboard */; };
		495FB8D91C387592005E620B /* CoreLocationDemoTests.swift in Sources */ = {isa = PBXBuildFile; fileRef = 495FB8D81C387592005E620B /* CoreLocationDemoTests.swift */; };
		495FB8E41C387592005E620B /* CoreLocationDemoUITests.swift in Sources */ = {isa = PBXBuildFile; fileRef = 495FB8E31C387592005E620B /* CoreLocationDemoUITests.swift */; };
/* End PBXBuildFile section */

/* Begin PBXContainerItemProxy section */
		495FB8D51C387592005E620B /* PBXContainerItemProxy */ = {
			isa = PBXContainerItemProxy;
			containerPortal = 495FB8B81C387592005E620B /* Project object */;
			proxyType = 1;
			remoteGlobalIDString = 495FB8BF1C387592005E620B;
			remoteInfo = CoreLocationDemo;
		};
		495FB8E01C387592005E620B /* PBXContainerItemProxy */ = {
			isa = PBXContainerItemProxy;
			containerPortal = 495FB8B81C387592005E620B /* Project object */;
			proxyType = 1;
			remoteGlobalIDString = 495FB8BF1C387592005E620B;
			remoteInfo = CoreLocationDemo;
		};
/* End PBXContainerItemProxy section */

/* Begin PBXFileReference section */
		495FB8C01C387592005E620B /* CoreLocationDemo.app */ = {isa = PBXFileReference; explicitFileType = wrapper.application; includeInIndex = 0; path = CoreLocationDemo.app; sourceTree = BUILT_PRODUCTS_DIR; };
		495FB8C31C387592005E620B /* AppDelegate.swift */ = {isa = PBXFileReference; lastKnownFileType = sourcecode.swift; path = AppDelegate.swift; sourceTree = "<group>"; };
		495FB8C51C387592005E620B /* ViewController.swift */ = {isa = PBXFileReference; lastKnownFileType = sourcecode.swift; path = ViewController.swift; sourceTree = "<group>"; };
		495FB8C81C387592005E620B /* Base */ = {isa = PBXFileReference; lastKnownFileType = file.storyboard; name = Base; path = Base.lproj/Main.storyboard; sourceTree = "<group>"; };
		495FB8CA1C387592005E620B /* Assets.xcassets */ = {isa = PBXFileReference; lastKnownFileType = folder.assetcatalog; path = Assets.xcassets; sourceTree = "<group>"; };
		495FB8CD1C387592005E620B /* Base */ = {isa = PBXFileReference; lastKnownFileType = file.storyboard; name = Base; path = Base.lproj/LaunchScreen.storyboard; sourceTree = "<group>"; };
		495FB8CF1C387592005E620B /* Info.plist */ = {isa = PBXFileReference; lastKnownFileType = text.plist.xml; path = Info.plist; sourceTree = "<group>"; };
		495FB8D41C387592005E620B /* CoreLocationDemoTests.xctest */ = {isa = PBXFileReference; explicitFileType = wrapper.cfbundle; includeInIndex = 0; path = CoreLocationDemoTests.xctest; sourceTree = BUILT_PRODUCTS_DIR; };
		495FB8D81C387592005E620B /* CoreLocationDemoTests.swift */ = {isa = PBXFileReference; lastKnownFileType = sourcecode.swift; path = CoreLocationDemoTests.swift; sourceTree = "<group>"; };
		495FB8DA1C387592005E620B /* Info.plist */ = {isa = PBXFileReference; lastKnownFileType = text.plist.xml; path = Info.plist; sourceTree = "<group>"; };
		495FB8DF1C387592005E620B /* CoreLocationDemoUITests.xctest */ = {isa = PBXFileReference; explicitFileType = wrapper.cfbundle; includeInIndex = 0; path = CoreLocationDemoUITests.xctest; sourceTree = BUILT_PRODUCTS_DIR; };
		495FB8E31C387592005E620B /* CoreLocationDemoUITests.swift */ = {isa = PBXFileReference; lastKnownFileType = sourcecode.swift; path = CoreLocationDemoUITests.swift; sourceTree = "<group>"; };
		495FB8E51C387592005E620B /* Info.plist */ = {isa = PBXFileReference; lastKnownFileType = text.plist.xml; path = Info.plist; sourceTree = "<group>"; };
/* End PBXFileReference section */

/* Begin PBXFrameworksBuildPhase section */
		495FB8BD1C387592005E620B /* Frameworks */ = {
			isa = PBXFrameworksBuildPhase;
			buildActionMask = 2147483647;
			files = (
			);
			runOnlyForDeploymentPostprocessing = 0;
		};
		495FB8D11C387592005E620B /* Frameworks */ = {
			isa = PBXFrameworksBuildPhase;
			buildActionMask = 2147483647;
			files = (
			);
			runOnlyForDeploymentPostprocessing = 0;
		};
		495FB8DC1C387592005E620B /* Frameworks */ = {
			isa = PBXFrameworksBuildPhase;
			buildActionMask = 2147483647;
			files = (
			);
			runOnlyForDeploymentPostprocessing = 0;
		};
/* End PBXFrameworksBuildPhase section */

/* Begin PBXGroup section */
		495FB8B71C387592005E620B = {
			isa = PBXGroup;
			children = (
				495FB8C21C387592005E620B /* CoreLocationDemo */,
				495FB8D71C387592005E620B /* CoreLocationDemoTests */,
				495FB8E21C387592005E620B /* CoreLocationDemoUITests */,
				495FB8C11C387592005E620B /* Products */,
			);
			sourceTree = "<group>";
		};
		495FB8C11C387592005E620B /* Products */ = {
			isa = PBXGroup;
			children = (
				495FB8C01C387592005E620B /* CoreLocationDemo.app */,
				495FB8D41C387592005E620B /* CoreLocationDemoTests.xctest */,
				495FB8DF1C387592005E620B /* CoreLocationDemoUITests.xctest */,
			);
			name = Products;
			sourceTree = "<group>";
		};
		495FB8C21C387592005E620B /* CoreLocationDemo */ = {
			isa = PBXGroup;
			children = (
				495FB8C31C387592005E620B /* AppDelegate.swift */,
				495FB8C51C387592005E620B /* ViewController.swift */,
				495FB8C71C387592005E620B /* Main.storyboard */,
				495FB8CA1C387592005E620B /* Assets.xcassets */,
				495FB8CC1C387592005E620B /* LaunchScreen.storyboard */,
				495FB8CF1C387592005E620B /* Info.plist */,
			);
			path = CoreLocationDemo;
			sourceTree = "<group>";
		};
		495FB8D71C387592005E620B /* CoreLocationDemoTests */ = {
			isa = PBXGroup;
			children = (
				495FB8D81C387592005E620B /* CoreLocationDemoTests.swift */,
				495FB8DA1C387592005E620B /* Info.plist */,
			);
			path = CoreLocationDemoTests;
			sourceTree = "<group>";
		};
		495FB8E21C387592005E620B /* CoreLocationDemoUITests */ = {
			isa = PBXGroup;
			children = (
				495FB8E31C387592005E620B /* CoreLocationDemoUITests.swift */,
				495FB8E51C387592005E620B /* Info.plist */,
			);
			path = CoreLocationDemoUITests;
			sourceTree = "<group>";
		};
/* End PBXGroup section */

/* Begin PBXNativeTarget section */
		495FB8BF1C387592005E620B /* CoreLocationDemo */ = {
			isa = PBXNativeTarget;
			buildConfigurationList = 495FB8E81C387592005E620B /* Build configuration list for PBXNativeTarget "CoreLocationDemo" */;
			buildPhases = (
				495FB8BC1C387592005E620B /* Sources */,
				495FB8BD1C387592005E620B /* Frameworks */,
				495FB8BE1C387592005E620B /* Resources */,
			);
			buildRules = (
			);
			dependencies = (
			);
			name = CoreLocationDemo;
			productName = CoreLocationDemo;
			productReference = 495FB8C01C387592005E620B /* CoreLocationDemo.app */;
			productType = "com.apple.product-type.application";
		};
		495FB8D31C387592005E620B /* CoreLocationDemoTests */ = {
			isa = PBXNativeTarget;
			buildConfigurationList = 495FB8EB1C387592005E620B /* Build configuration list for PBXNativeTarget "CoreLocationDemoTests" */;
			buildPhases = (
				495FB8D01C387592005E620B /* Sources */,
				495FB8D11C387592005E620B /* Frameworks */,
				495FB8D21C387592005E620B /* Resources */,
			);
			buildRules = (
			);
			dependencies = (
				495FB8D61C387592005E620B /* PBXTargetDependency */,
			);
			name = CoreLocationDemoTests;
			productName = CoreLocationDemoTests;
			productReference = 495FB8D41C387592005E620B /* CoreLocationDemoTests.xctest */;
			productType = "com.apple.product-type.bundle.unit-test";
		};
		495FB8DE1C387592005E620B /* CoreLocationDemoUITests */ = {
			isa = PBXNativeTarget;
			buildConfigurationList = 495FB8EE1C387592005E620B /* Build configuration list for PBXNativeTarget "CoreLocationDemoUITests" */;
			buildPhases = (
				495FB8DB1C387592005E620B /* Sources */,
				495FB8DC1C387592005E620B /* Frameworks */,
				495FB8DD1C387592005E620B /* Resources */,
			);
			buildRules = (
			);
			dependencies = (
				495FB8E11C387592005E620B /* PBXTargetDependency */,
			);
			name = CoreLocationDemoUITests;
			productName = CoreLocationDemoUITests;
			productReference = 495FB8DF1C387592005E620B /* CoreLocationDemoUITests.xctest */;
			productType = "com.apple.product-type.bundle.ui-testing";
		};
/* End PBXNativeTarget section */

/* Begin PBXProject section */
		495FB8B81C387592005E620B /* Project object */ = {
			isa = PBXProject;
			attributes = {
				LastSwiftUpdateCheck = 0720;
				LastUpgradeCheck = 0720;
				ORGANIZATIONNAME = Intrepid;
				TargetAttributes = {
					495FB8BF1C387592005E620B = {
						CreatedOnToolsVersion = 7.2;
					};
					495FB8D31C387592005E620B = {
						CreatedOnToolsVersion = 7.2;
						TestTargetID = 495FB8BF1C387592005E620B;
					};
					495FB8DE1C387592005E620B = {
						CreatedOnToolsVersion = 7.2;
						TestTargetID = 495FB8BF1C387592005E620B;
					};
				};
			};
			buildConfigurationList = 495FB8BB1C387592005E620B /* Build configuration list for PBXProject "CoreLocationDemo" */;
			compatibilityVersion = "Xcode 3.2";
			developmentRegion = English;
			hasScannedForEncodings = 0;
			knownRegions = (
				en,
				Base,
			);
			mainGroup = 495FB8B71C387592005E620B;
			productRefGroup = 495FB8C11C387592005E620B /* Products */;
			projectDirPath = "";
			projectRoot = "";
			targets = (
				495FB8BF1C387592005E620B /* CoreLocationDemo */,
				495FB8D31C387592005E620B /* CoreLocationDemoTests */,
				495FB8DE1C387592005E620B /* CoreLocationDemoUITests */,
			);
		};
/* End PBXProject section */

/* Begin PBXResourcesBuildPhase section */
		495FB8BE1C387592005E620B /* Resources */ = {
			isa = PBXResourcesBuildPhase;
			buildActionMask = 2147483647;
			files = (
				495FB8CE1C387592005E620B /* LaunchScreen.storyboard in Resources */,
				495FB8CB1C387592005E620B /* Assets.xcassets in Resources */,
				495FB8C91C387592005E620B /* Main.storyboard in Resources */,
			);
			runOnlyForDeploymentPostprocessing = 0;
		};
		495FB8D21C387592005E620B /* Resources */ = {
			isa = PBXResourcesBuildPhase;
			buildActionMask = 2147483647;
			files = (
			);
			runOnlyForDeploymentPostprocessing = 0;
		};
		495FB8DD1C387592005E620B /* Resources */ = {
			isa = PBXResourcesBuildPhase;
			buildActionMask = 2147483647;
			files = (
			);
			runOnlyForDeploymentPostprocessing = 0;
		};
/* End PBXResourcesBuildPhase section */

/* Begin PBXSourcesBuildPhase section */
		495FB8BC1C387592005E620B /* Sources */ = {
			isa = PBXSourcesBuildPhase;
			buildActionMask = 2147483647;
			files = (
				495FB8C61C387592005E620B /* ViewController.swift in Sources */,
				495FB8C41C387592005E620B /* AppDelegate.swift in Sources */,
			);
			runOnlyForDeploymentPostprocessing = 0;
		};
		495FB8D01C387592005E620B /* Sources */ = {
			isa = PBXSourcesBuildPhase;
			buildActionMask = 2147483647;
			files = (
				495FB8D91C387592005E620B /* CoreLocationDemoTests.swift in Sources */,
			);
			runOnlyForDeploymentPostprocessing = 0;
		};
		495FB8DB1C387592005E620B /* Sources */ = {
			isa = PBXSourcesBuildPhase;
			buildActionMask = 2147483647;
			files = (
				495FB8E41C387592005E620B /* CoreLocationDemoUITests.swift in Sources */,
			);
			runOnlyForDeploymentPostprocessing = 0;
		};
/* End PBXSourcesBuildPhase section */

/* Begin PBXTargetDependency section */
		495FB8D61C387592005E620B /* PBXTargetDependency */ = {
			isa = PBXTargetDependency;
			target = 495FB8BF1C387592005E620B /* CoreLocationDemo */;
			targetProxy = 495FB8D51C387592005E620B /* PBXContainerItemProxy */;
		};
		495FB8E11C387592005E620B /* PBXTargetDependency */ = {
			isa = PBXTargetDependency;
			target = 495FB8BF1C387592005E620B /* CoreLocationDemo */;
			targetProxy = 495FB8E01C387592005E620B /* PBXContainerItemProxy */;
		};
/* End PBXTargetDependency section */

/* Begin PBXVariantGroup section */
		495FB8C71C387592005E620B /* Main.storyboard */ = {
			isa = PBXVariantGroup;
			children = (
				495FB8C81C387592005E620B /* Base */,
			);
			name = Main.storyboard;
			sourceTree = "<group>";
		};
		495FB8CC1C387592005E620B /* LaunchScreen.storyboard */ = {
			isa = PBXVariantGroup;
			children = (
				495FB8CD1C387592005E620B /* Base */,
			);
			name = LaunchScreen.storyboard;
			sourceTree = "<group>";
		};
/* End PBXVariantGroup section */

/* Begin XCBuildConfiguration section */
		495FB8E61C387592005E620B /* Debug */ = {
			isa = XCBuildConfiguration;
			buildSettings = {
				ALWAYS_SEARCH_USER_PATHS = NO;
				CLANG_CXX_LANGUAGE_STANDARD = "gnu++0x";
				CLANG_CXX_LIBRARY = "libc++";
				CLANG_ENABLE_MODULES = YES;
				CLANG_ENABLE_OBJC_ARC = YES;
				CLANG_WARN_BOOL_CONVERSION = YES;
				CLANG_WARN_CONSTANT_CONVERSION = YES;
				CLANG_WARN_DIRECT_OBJC_ISA_USAGE = YES_ERROR;
				CLANG_WARN_EMPTY_BODY = YES;
				CLANG_WARN_ENUM_CONVERSION = YES;
				CLANG_WARN_INT_CONVERSION = YES;
				CLANG_WARN_OBJC_ROOT_CLASS = YES_ERROR;
				CLANG_WARN_UNREACHABLE_CODE = YES;
				CLANG_WARN__DUPLICATE_METHOD_MATCH = YES;
				"CODE_SIGN_IDENTITY[sdk=iphoneos*]" = "iPhone Developer";
				COPY_PHASE_STRIP = NO;
				DEBUG_INFORMATION_FORMAT = dwarf;
				ENABLE_STRICT_OBJC_MSGSEND = YES;
				ENABLE_TESTABILITY = YES;
				GCC_C_LANGUAGE_STANDARD = gnu99;
				GCC_DYNAMIC_NO_PIC = NO;
				GCC_NO_COMMON_BLOCKS = YES;
				GCC_OPTIMIZATION_LEVEL = 0;
				GCC_PREPROCESSOR_DEFINITIONS = (
					"DEBUG=1",
					"$(inherited)",
				);
				GCC_WARN_64_TO_32_BIT_CONVERSION = YES;
				GCC_WARN_ABOUT_RETURN_TYPE = YES_ERROR;
				GCC_WARN_UNDECLARED_SELECTOR = YES;
				GCC_WARN_UNINITIALIZED_AUTOS = YES_AGGRESSIVE;
				GCC_WARN_UNUSED_FUNCTION = YES;
				GCC_WARN_UNUSED_VARIABLE = YES;
				IPHONEOS_DEPLOYMENT_TARGET = 9.2;
				MTL_ENABLE_DEBUG_INFO = YES;
				ONLY_ACTIVE_ARCH = YES;
				SDKROOT = iphoneos;
				SWIFT_OPTIMIZATION_LEVEL = "-Onone";
			};
			name = Debug;
		};
		495FB8E71C387592005E620B /* Release */ = {
			isa = XCBuildConfiguration;
			buildSettings = {
				ALWAYS_SEARCH_USER_PATHS = NO;
				CLANG_CXX_LANGUAGE_STANDARD = "gnu++0x";
				CLANG_CXX_LIBRARY = "libc++";
				CLANG_ENABLE_MODULES = YES;
				CLANG_ENABLE_OBJC_ARC = YES;
				CLANG_WARN_BOOL_CONVERSION = YES;
				CLANG_WARN_CONSTANT_CONVERSION = YES;
				CLANG_WARN_DIRECT_OBJC_ISA_USAGE = YES_ERROR;
				CLANG_WARN_EMPTY_BODY = YES;
				CLANG_WARN_ENUM_CONVERSION = YES;
				CLANG_WARN_INT_CONVERSION = YES;
				CLANG_WARN_OBJC_ROOT_CLASS = YES_ERROR;
				CLANG_WARN_UNREACHABLE_CODE = YES;
				CLANG_WARN__DUPLICATE_METHOD_MATCH = YES;
				"CODE_SIGN_IDENTITY[sdk=iphoneos*]" = "iPhone Developer";
				COPY_PHASE_STRIP = NO;
				DEBUG_INFORMATION_FORMAT = "dwarf-with-dsym";
				ENABLE_NS_ASSERTIONS = NO;
				ENABLE_STRICT_OBJC_MSGSEND = YES;
				GCC_C_LANGUAGE_STANDARD = gnu99;
				GCC_NO_COMMON_BLOCKS = YES;
				GCC_WARN_64_TO_32_BIT_CONVERSION = YES;
				GCC_WARN_ABOUT_RETURN_TYPE = YES_ERROR;
				GCC_WARN_UNDECLARED_SELECTOR = YES;
				GCC_WARN_UNINITIALIZED_AUTOS = YES_AGGRESSIVE;
				GCC_WARN_UNUSED_FUNCTION = YES;
				GCC_WARN_UNUSED_VARIABLE = YES;
				IPHONEOS_DEPLOYMENT_TARGET = 9.2;
				MTL_ENABLE_DEBUG_INFO = NO;
				SDKROOT = iphoneos;
				VALIDATE_PRODUCT = YES;
			};
			name = Release;
		};
		495FB8E91C387592005E620B /* Debug */ = {
			isa = XCBuildConfiguration;
			buildSettings = {
				ASSETCATALOG_COMPILER_APPICON_NAME = AppIcon;
				INFOPLIST_FILE = CoreLocationDemo/Info.plist;
				IPHONEOS_DEPLOYMENT_TARGET = 8.4;
				LD_RUNPATH_SEARCH_PATHS = "$(inherited) @executable_path/Frameworks";
				PRODUCT_BUNDLE_IDENTIFIER = io.intrepid.CoreLocationDemo;
				PRODUCT_NAME = "$(TARGET_NAME)";
			};
			name = Debug;
		};
		495FB8EA1C387592005E620B /* Release */ = {
			isa = XCBuildConfiguration;
			buildSettings = {
				ASSETCATALOG_COMPILER_APPICON_NAME = AppIcon;
				INFOPLIST_FILE = CoreLocationDemo/Info.plist;
				IPHONEOS_DEPLOYMENT_TARGET = 8.4;
				LD_RUNPATH_SEARCH_PATHS = "$(inherited) @executable_path/Frameworks";
				PRODUCT_BUNDLE_IDENTIFIER = io.intrepid.CoreLocationDemo;
				PRODUCT_NAME = "$(TARGET_NAME)";
			};
			name = Release;
		};
		495FB8EC1C387592005E620B /* Debug */ = {
			isa = XCBuildConfiguration;
			buildSettings = {
				BUNDLE_LOADER = "$(TEST_HOST)";
				INFOPLIST_FILE = CoreLocationDemoTests/Info.plist;
				LD_RUNPATH_SEARCH_PATHS = "$(inherited) @executable_path/Frameworks @loader_path/Frameworks";
				PRODUCT_BUNDLE_IDENTIFIER = io.intrepid.CoreLocationDemoTests;
				PRODUCT_NAME = "$(TARGET_NAME)";
				TEST_HOST = "$(BUILT_PRODUCTS_DIR)/CoreLocationDemo.app/CoreLocationDemo";
			};
			name = Debug;
		};
		495FB8ED1C387592005E620B /* Release */ = {
			isa = XCBuildConfiguration;
			buildSettings = {
				BUNDLE_LOADER = "$(TEST_HOST)";
				INFOPLIST_FILE = CoreLocationDemoTests/Info.plist;
				LD_RUNPATH_SEARCH_PATHS = "$(inherited) @executable_path/Frameworks @loader_path/Frameworks";
				PRODUCT_BUNDLE_IDENTIFIER = io.intrepid.CoreLocationDemoTests;
				PRODUCT_NAME = "$(TARGET_NAME)";
				TEST_HOST = "$(BUILT_PRODUCTS_DIR)/CoreLocationDemo.app/CoreLocationDemo";
			};
			name = Release;
		};
		495FB8EF1C387592005E620B /* Debug */ = {
			isa = XCBuildConfiguration;
			buildSettings = {
				INFOPLIST_FILE = CoreLocationDemoUITests/Info.plist;
				LD_RUNPATH_SEARCH_PATHS = "$(inherited) @executable_path/Frameworks @loader_path/Frameworks";
				PRODUCT_BUNDLE_IDENTIFIER = io.intrepid.CoreLocationDemoUITests;
				PRODUCT_NAME = "$(TARGET_NAME)";
				TEST_TARGET_NAME = CoreLocationDemo;
				USES_XCTRUNNER = YES;
			};
			name = Debug;
		};
		495FB8F01C387592005E620B /* Release */ = {
			isa = XCBuildConfiguration;
			buildSettings = {
				INFOPLIST_FILE = CoreLocationDemoUITests/Info.plist;
				LD_RUNPATH_SEARCH_PATHS = "$(inherited) @executable_path/Frameworks @loader_path/Frameworks";
				PRODUCT_BUNDLE_IDENTIFIER = io.intrepid.CoreLocationDemoUITests;
				PRODUCT_NAME = "$(TARGET_NAME)";
				TEST_TARGET_NAME = CoreLocationDemo;
				USES_XCTRUNNER = YES;
			};
			name = Release;
		};
/* End XCBuildConfiguration section */

/* Begin XCConfigurationList section */
		495FB8BB1C387592005E620B /* Build configuration list for PBXProject "CoreLocationDemo" */ = {
			isa = XCConfigurationList;
			buildConfigurations = (
				495FB8E61C387592005E620B /* Debug */,
				495FB8E71C387592005E620B /* Release */,
			);
			defaultConfigurationIsVisible = 0;
			defaultConfigurationName = Release;
		};
		495FB8E81C387592005E620B /* Build configuration list for PBXNativeTarget "CoreLocationDemo" */ = {
			isa = XCConfigurationList;
			buildConfigurations = (
				495FB8E91C387592005E620B /* Debug */,
				495FB8EA1C387592005E620B /* Release */,
			);
			defaultConfigurationIsVisible = 0;
		};
		495FB8EB1C387592005E620B /* Build configuration list for PBXNativeTarget "CoreLocationDemoTests" */ = {
			isa = XCConfigurationList;
			buildConfigurations = (
				495FB8EC1C387592005E620B /* Debug */,
				495FB8ED1C387592005E620B /* Release */,
			);
			defaultConfigurationIsVisible = 0;
		};
		495FB8EE1C387592005E620B /* Build configuration list for PBXNativeTarget "CoreLocationDemoUITests" */ = {
			isa = XCConfigurationList;
			buildConfigurations = (
				495FB8EF1C387592005E620B /* Debug */,
				495FB8F01C387592005E620B /* Release */,
			);
			defaultConfigurationIsVisible = 0;
		};
/* End XCConfigurationList section */
	};
	rootObject = 495FB8B81C387592005E620B /* Project object */;
}
